Microsoft Visual Studio Solution File, Format Version 11.00
# Visual Studio 2008

Project("{FE1458E4-5366-87F6-1614-02D6DDDAF6A0}") = "SweatLodge", "Assembly-CSharp-firstpass.csproj", "{E5A3E39D-A4C6-5468-F7D8-5326031D7F8E}"
EndProject
Project("{FE1458E4-5366-87F6-1614-02D6DDDAF6A0}") = "SweatLodge", "Assembly-CSharp.csproj", "{BFB9F53F-2C1D-7B7B-018B-47394B9FDCC1}"
EndProject
Project("{FE1458E4-5366-87F6-1614-02D6DDDAF6A0}") = "SweatLodge", "Assembly-CSharp-Editor.csproj", "{9DE15DAA-4600-7816-B600-DF6DE9868533}"
EndProject
Global
	GlobalSection(SolutionConfigurationPlatforms) = preSolution
		Debug|Any CPU = Debug|Any CPU
		Release|Any CPU = Release|Any CPU
	EndGlobalSection
	GlobalSection(ProjectConfigurationPlatforms) = postSolution
		{E5A3E39D-A4C6-5468-F7D8-5326031D7F8E}.Debug|Any CPU.ActiveCfg = Debug|Any CPU
		{E5A3E39D-A4C6-5468-F7D8-5326031D7F8E}.Debug|Any CPU.Build.0 = Debug|Any CPU
		{E5A3E39D-A4C6-5468-F7D8-5326031D7F8E}.Release|Any CPU.ActiveCfg = Release|Any CPU
		{E5A3E39D-A4C6-5468-F7D8-5326031D7F8E}.Release|Any CPU.Build.0 = Release|Any CPU
		{BFB9F53F-2C1D-7B7B-018B-47394B9FDCC1}.Debug|Any CPU.ActiveCfg = Debug|Any CPU
		{BFB9F53F-2C1D-7B7B-018B-47394B9FDCC1}.Debug|Any CPU.Build.0 = Debug|Any CPU
		{BFB9F53F-2C1D-7B7B-018B-47394B9FDCC1}.Release|Any CPU.ActiveCfg = Release|Any CPU
		{BFB9F53F-2C1D-7B7B-018B-47394B9FDCC1}.Release|Any CPU.Build.0 = Release|Any CPU
		{9DE15DAA-4600-7816-B600-DF6DE9868533}.Debug|Any CPU.ActiveCfg = Debug|Any CPU
		{9DE15DAA-4600-7816-B600-DF6DE9868533}.Debug|Any CPU.Build.0 = Debug|Any CPU
		{9DE15DAA-4600-7816-B600-DF6DE9868533}.Release|Any CPU.ActiveCfg = Release|Any CPU
		{9DE15DAA-4600-7816-B600-DF6DE9868533}.Release|Any CPU.Build.0 = Release|Any CPU
	EndGlobalSection
	GlobalSection(SolutionProperties) = preSolution
		HideSolutionNode = FALSE
	EndGlobalSection
	GlobalSection(MonoDevelopProperties) = preSolution
		StartupItem = Assembly-CSharp.csproj
	EndGlobalSection
EndGlobal
